
Microsoft Visual Studio Solution File, Format Version 12.00
# Visual Studio 15
VisualStudioVersion = 15.0.26206.0
MinimumVisualStudioVersion = 10.0.40219.1
Project("{9A19103F-16F7-4668-BE54-9A1E7A4F7556}") = "FileWarehouse", "FileWarehouse\FileWarehouse.csproj", "{FFE29036-7FEB-494C-B64E-75C55F6EF9D9}"
EndProject
Project("{9A19103F-16F7-4668-BE54-9A1E7A4F7556}") = "FileWarehouse.AzureBlob", "FileWarehouse.AzureBlob\FileWarehouse.AzureBlob.csproj", "{043D6888-76FD-4293-B05A-EE3B91DE5EF7}"
EndProject
Project("{9A19103F-16F7-4668-BE54-9A1E7A4F7556}") = "FileWarehouse.FileSystem", "FileWarehouse.FileSystem\FileWarehouse.FileSystem.csproj", "{E4368AE0-29E0-495B-961A-99533367B478}"
EndProject
Project("{9A19103F-16F7-4668-BE54-9A1E7A4F7556}") = "FileWarehouse.AzureBlob.IntegrationTests", "FileWarehouse.AzureBlob.IntegrationTests\FileWarehouse.AzureBlob.IntegrationTests.csproj", "{1639E1D5-E215-4622-977F-AE6E97498FAD}"
EndProject
Project("{9A19103F-16F7-4668-BE54-9A1E7A4F7556}") = "FileWarehouse.FileSystem.IntegrationTests", "FileWarehouse.FileSystem.IntegrationTests\FileWarehouse.FileSystem.IntegrationTests.csproj", "{479920CD-25DA-4B37-B286-5D8292F2FD62}"
EndProject
Project("{2150E333-8FDC-42A3-9474-1A3956D46DE8}") = "Solution Items", "Solution Items", "{5421139F-76FE-4F67-8E95-7795B3557397}"
	ProjectSection(SolutionItems) = preProject
		.gitignore = .gitignore
		COPYRIGHT = COPYRIGHT
		LICENSE = LICENSE
		README.md = README.md
	EndProjectSection
EndProject
Global
	GlobalSection(SolutionConfigurationPlatforms) = preSolution
		Debug|Any CPU = Debug|Any CPU
		Debug|x64 = Debug|x64
		Debug|x86 = Debug|x86
		Release|Any CPU = Release|Any CPU
		Release|x64 = Release|x64
		Release|x86 = Release|x86
	EndGlobalSection
	GlobalSection(ProjectConfigurationPlatforms) = postSolution
		{FFE29036-7FEB-494C-B64E-75C55F6EF9D9}.Debug|Any CPU.ActiveCfg = Debug|Any CPU
		{FFE29036-7FEB-494C-B64E-75C55F6EF9D9}.Debug|Any CPU.Build.0 = Debug|Any CPU
		{FFE29036-7FEB-494C-B64E-75C55F6EF9D9}.Debug|x64.ActiveCfg = Debug|x64
		{FFE29036-7FEB-494C-B64E-75C55F6EF9D9}.Debug|x64.Build.0 = Debug|x64
		{FFE29036-7FEB-494C-B64E-75C55F6EF9D9}.Debug|x86.ActiveCfg = Debug|x86
		{FFE29036-7FEB-494C-B64E-75C55F6EF9D9}.Debug|x86.Build.0 = Debug|x86
		{FFE29036-7FEB-494C-B64E-75C55F6EF9D9}.Release|Any CPU.ActiveCfg = Release|Any CPU
		{FFE29036-7FEB-494C-B64E-75C55F6EF9D9}.Release|Any CPU.Build.0 = Release|Any CPU
		{FFE29036-7FEB-494C-B64E-75C55F6EF9D9}.Release|x64.ActiveCfg = Release|x64
		{FFE29036-7FEB-494C-B64E-75C55F6EF9D9}.Release|x64.Build.0 = Release|x64
		{FFE29036-7FEB-494C-B64E-75C55F6EF9D9}.Release|x86.ActiveCfg = Release|x86
		{FFE29036-7FEB-494C-B64E-75C55F6EF9D9}.Release|x86.Build.0 = Release|x86
		{043D6888-76FD-4293-B05A-EE3B91DE5EF7}.Debug|Any CPU.ActiveCfg = Debug|Any CPU
		{043D6888-76FD-4293-B05A-EE3B91DE5EF7}.Debug|Any CPU.Build.0 = Debug|Any CPU
		{043D6888-76FD-4293-B05A-EE3B91DE5EF7}.Debug|x64.ActiveCfg = Debug|x64
		{043D6888-76FD-4293-B05A-EE3B91DE5EF7}.Debug|x64.Build.0 = Debug|x64
		{043D6888-76FD-4293-B05A-EE3B91DE5EF7}.Debug|x86.ActiveCfg = Debug|x86
		{043D6888-76FD-4293-B05A-EE3B91DE5EF7}.Debug|x86.Build.0 = Debug|x86
		{043D6888-76FD-4293-B05A-EE3B91DE5EF7}.Release|Any CPU.ActiveCfg = Release|Any CPU
		{043D6888-76FD-4293-B05A-EE3B91DE5EF7}.Release|Any CPU.Build.0 = Release|Any CPU
		{043D6888-76FD-4293-B05A-EE3B91DE5EF7}.Release|x64.ActiveCfg = Release|x64
		{043D6888-76FD-4293-B05A-EE3B91DE5EF7}.Release|x64.Build.0 = Release|x64
		{043D6888-76FD-4293-B05A-EE3B91DE5EF7}.Release|x86.ActiveCfg = Release|x86
		{043D6888-76FD-4293-B05A-EE3B91DE5EF7}.Release|x86.Build.0 = Release|x86
		{E4368AE0-29E0-495B-961A-99533367B478}.Debug|Any CPU.ActiveCfg = Debug|Any CPU
		{E4368AE0-29E0-495B-961A-99533367B478}.Debug|Any CPU.Build.0 = Debug|Any CPU
		{E4368AE0-29E0-495B-961A-99533367B478}.Debug|x64.ActiveCfg = Debug|x64
		{E4368AE0-29E0-495B-961A-99533367B478}.Debug|x64.Build.0 = Debug|x64
		{E4368AE0-29E0-495B-961A-99533367B478}.Debug|x86.ActiveCfg = Debug|x86
		{E4368AE0-29E0-495B-961A-99533367B478}.Debug|x86.Build.0 = Debug|x86
		{E4368AE0-29E0-495B-961A-99533367B478}.Release|Any CPU.ActiveCfg = Release|Any CPU
		{E4368AE0-29E0-495B-961A-99533367B478}.Release|Any CPU.Build.0 = Release|Any CPU
		{E4368AE0-29E0-495B-961A-99533367B478}.Release|x64.ActiveCfg = Release|x64
		{E4368AE0-29E0-495B-961A-99533367B478}.Release|x64.Build.0 = Release|x64
		{E4368AE0-29E0-495B-961A-99533367B478}.Release|x86.ActiveCfg = Release|x86
		{E4368AE0-29E0-495B-961A-99533367B478}.Release|x86.Build.0 = Release|x86
		{1639E1D5-E215-4622-977F-AE6E97498FAD}.Debug|Any CPU.ActiveCfg = Debug|Any CPU
		{1639E1D5-E215-4622-977F-AE6E97498FAD}.Debug|Any CPU.Build.0 = Debug|Any CPU
		{1639E1D5-E215-4622-977F-AE6E97498FAD}.Debug|x64.ActiveCfg = Debug|x64
		{1639E1D5-E215-4622-977F-AE6E97498FAD}.Debug|x64.Build.0 = Debug|x64
		{1639E1D5-E215-4622-977F-AE6E97498FAD}.Debug|x86.ActiveCfg = Debug|x86
		{1639E1D5-E215-4622-977F-AE6E97498FAD}.Debug|x86.Build.0 = Debug|x86
		{1639E1D5-E215-4622-977F-AE6E97498FAD}.Release|Any CPU.ActiveCfg = Release|Any CPU
		{1639E1D5-E215-4622-977F-AE6E97498FAD}.Release|Any CPU.Build.0 = Release|Any CPU
		{1639E1D5-E215-4622-977F-AE6E97498FAD}.Release|x64.ActiveCfg = Release|x64
		{1639E1D5-E215-4622-977F-AE6E97498FAD}.Release|x64.Build.0 = Release|x64
		{1639E1D5-E215-4622-977F-AE6E97498FAD}.Release|x86.ActiveCfg = Release|x86
		{1639E1D5-E215-4622-977F-AE6E97498FAD}.Release|x86.Build.0 = Release|x86
		{479920CD-25DA-4B37-B286-5D8292F2FD62}.Debug|Any CPU.ActiveCfg = Debug|Any CPU
		{479920CD-25DA-4B37-B286-5D8292F2FD62}.Debug|Any CPU.Build.0 = Debug|Any CPU
		{479920CD-25DA-4B37-B286-5D8292F2FD62}.Debug|x64.ActiveCfg = Debug|x64
		{479920CD-25DA-4B37-B286-5D8292F2FD62}.Debug|x64.Build.0 = Debug|x64
		{479920CD-25DA-4B37-B286-5D8292F2FD62}.Debug|x86.ActiveCfg = Debug|x86
		{479920CD-25DA-4B37-B286-5D8292F2FD62}.Debug|x86.Build.0 = Debug|x86
		{479920CD-25DA-4B37-B286-5D8292F2FD62}.Release|Any CPU.ActiveCfg = Release|Any CPU
		{479920CD-25DA-4B37-B286-5D8292F2FD62}.Release|Any CPU.Build.0 = Release|Any CPU
		{479920CD-25DA-4B37-B286-5D8292F2FD62}.Release|x64.ActiveCfg = Release|x64
		{479920CD-25DA-4B37-B286-5D8292F2FD62}.Release|x64.Build.0 = Release|x64
		{479920CD-25DA-4B37-B286-5D8292F2FD62}.Release|x86.ActiveCfg = Release|x86
		{479920CD-25DA-4B37-B286-5D8292F2FD62}.Release|x86.Build.0 = Release|x86
	EndGlobalSection
	GlobalSection(SolutionProperties) = preSolution
		HideSolutionNode = FALSE
	EndGlobalSection
EndGlobal
