
Microsoft Visual Studio Solution File, Format Version 12.00
# Visual Studio 14
VisualStudioVersion = 14.0.23107.0
MinimumVisualStudioVersion = 10.0.40219.1
Project("{FAE04EC0-301F-11D3-BF4B-00C04F79EFBC}") = "FileWarehouse", "src\FileWarehouse\FileWarehouse.csproj", "{EF0BEF06-73A1-44DD-A0E9-75A32CA75890}"
EndProject
Project("{2150E333-8FDC-42A3-9474-1A3956D46DE8}") = "Src", "Src", "{CCCA102D-03D3-435D-925E-A93699F222EB}"
EndProject
Project("{8BB2217D-0F2D-49D1-97BC-3654ED321F3B}") = "FileWarehouse Dnx", "src\FileWarehouse.Dnx\FileWarehouse Dnx.xproj", "{5A37E9D0-7110-4B77-BDB4-12246F4D9DBA}"
EndProject
Project("{2150E333-8FDC-42A3-9474-1A3956D46DE8}") = "Tests", "Tests", "{B8885CC4-FECC-438A-AAD6-4C41DDBC9DBE}"
EndProject
Project("{FAE04EC0-301F-11D3-BF4B-00C04F79EFBC}") = "FileWarehouse.Azure.Blob", "src\FileWarehouse.Azure.Blob\FileWarehouse.Azure.Blob.csproj", "{42DB0006-BA81-4A81-93B7-84E954046A12}"
EndProject
Project("{8BB2217D-0F2D-49D1-97BC-3654ED321F3B}") = "FileWarehouse.Azure.Blob Dnx", "src\FileWarehouse.Azure.Blob.Dnx\FileWarehouse.Azure.Blob Dnx.xproj", "{76C7ED56-E893-4225-ABA1-714F280EB6EF}"
EndProject
Project("{FAE04EC0-301F-11D3-BF4B-00C04F79EFBC}") = "FileWarehouse.FileSystem", "src\FileWarehouse.FileSystem\FileWarehouse.FileSystem.csproj", "{0E0150FE-AC20-4917-8FCE-6518C0C8C396}"
EndProject
Project("{8BB2217D-0F2D-49D1-97BC-3654ED321F3B}") = "FileWarehouse.FileSystem Dnx", "src\FileWarehouse.FileSystem.Dnx\FileWarehouse.FileSystem Dnx.xproj", "{70CD1CDE-0608-413E-9F91-6A056763155C}"
EndProject
Project("{8BB2217D-0F2D-49D1-97BC-3654ED321F3B}") = "FileWarehouse.Azure.Blob.Dnx.Tests", "tests\FileWarehouse.Azure.Blob.Dnx.Tests\FileWarehouse.Azure.Blob.Dnx.Tests.xproj", "{EEE2CAD7-3887-48AB-9439-D17AC171CFD6}"
EndProject
Project("{8BB2217D-0F2D-49D1-97BC-3654ED321F3B}") = "FileWarehouse.FileSystem.Dnx.Tests", "tests\FileWarehouse.FileSystem.Dnx.Tests\FileWarehouse.FileSystem.Dnx.Tests.xproj", "{B68681E7-EDBE-42C1-89BE-CD79BC26B496}"
EndProject
Project("{2150E333-8FDC-42A3-9474-1A3956D46DE8}") = "Solution Items", "Solution Items", "{B242E5EE-A31B-4418-BD07-19A242A58A37}"
	ProjectSection(SolutionItems) = preProject
		COPYRIGHT = COPYRIGHT
		global.json = global.json
		LICENSE = LICENSE
		README.md = README.md
	EndProjectSection
EndProject
Global
	GlobalSection(SolutionConfigurationPlatforms) = preSolution
		Debug|Any CPU = Debug|Any CPU
		Release|Any CPU = Release|Any CPU
	EndGlobalSection
	GlobalSection(ProjectConfigurationPlatforms) = postSolution
		{EF0BEF06-73A1-44DD-A0E9-75A32CA75890}.Debug|Any CPU.ActiveCfg = Debug|Any CPU
		{EF0BEF06-73A1-44DD-A0E9-75A32CA75890}.Debug|Any CPU.Build.0 = Debug|Any CPU
		{EF0BEF06-73A1-44DD-A0E9-75A32CA75890}.Release|Any CPU.ActiveCfg = Release|Any CPU
		{EF0BEF06-73A1-44DD-A0E9-75A32CA75890}.Release|Any CPU.Build.0 = Release|Any CPU
		{5A37E9D0-7110-4B77-BDB4-12246F4D9DBA}.Debug|Any CPU.ActiveCfg = Debug|Any CPU
		{5A37E9D0-7110-4B77-BDB4-12246F4D9DBA}.Debug|Any CPU.Build.0 = Debug|Any CPU
		{5A37E9D0-7110-4B77-BDB4-12246F4D9DBA}.Release|Any CPU.ActiveCfg = Release|Any CPU
		{5A37E9D0-7110-4B77-BDB4-12246F4D9DBA}.Release|Any CPU.Build.0 = Release|Any CPU
		{42DB0006-BA81-4A81-93B7-84E954046A12}.Debug|Any CPU.ActiveCfg = Debug|Any CPU
		{42DB0006-BA81-4A81-93B7-84E954046A12}.Debug|Any CPU.Build.0 = Debug|Any CPU
		{42DB0006-BA81-4A81-93B7-84E954046A12}.Release|Any CPU.ActiveCfg = Release|Any CPU
		{42DB0006-BA81-4A81-93B7-84E954046A12}.Release|Any CPU.Build.0 = Release|Any CPU
		{76C7ED56-E893-4225-ABA1-714F280EB6EF}.Debug|Any CPU.ActiveCfg = Debug|Any CPU
		{76C7ED56-E893-4225-ABA1-714F280EB6EF}.Debug|Any CPU.Build.0 = Debug|Any CPU
		{76C7ED56-E893-4225-ABA1-714F280EB6EF}.Release|Any CPU.ActiveCfg = Release|Any CPU
		{76C7ED56-E893-4225-ABA1-714F280EB6EF}.Release|Any CPU.Build.0 = Release|Any CPU
		{0E0150FE-AC20-4917-8FCE-6518C0C8C396}.Debug|Any CPU.ActiveCfg = Debug|Any CPU
		{0E0150FE-AC20-4917-8FCE-6518C0C8C396}.Debug|Any CPU.Build.0 = Debug|Any CPU
		{0E0150FE-AC20-4917-8FCE-6518C0C8C396}.Release|Any CPU.ActiveCfg = Release|Any CPU
		{0E0150FE-AC20-4917-8FCE-6518C0C8C396}.Release|Any CPU.Build.0 = Release|Any CPU
		{70CD1CDE-0608-413E-9F91-6A056763155C}.Debug|Any CPU.ActiveCfg = Debug|Any CPU
		{70CD1CDE-0608-413E-9F91-6A056763155C}.Debug|Any CPU.Build.0 = Debug|Any CPU
		{70CD1CDE-0608-413E-9F91-6A056763155C}.Release|Any CPU.ActiveCfg = Release|Any CPU
		{70CD1CDE-0608-413E-9F91-6A056763155C}.Release|Any CPU.Build.0 = Release|Any CPU
		{EEE2CAD7-3887-48AB-9439-D17AC171CFD6}.Debug|Any CPU.ActiveCfg = Debug|Any CPU
		{EEE2CAD7-3887-48AB-9439-D17AC171CFD6}.Debug|Any CPU.Build.0 = Debug|Any CPU
		{EEE2CAD7-3887-48AB-9439-D17AC171CFD6}.Release|Any CPU.ActiveCfg = Release|Any CPU
		{EEE2CAD7-3887-48AB-9439-D17AC171CFD6}.Release|Any CPU.Build.0 = Release|Any CPU
		{B68681E7-EDBE-42C1-89BE-CD79BC26B496}.Debug|Any CPU.ActiveCfg = Debug|Any CPU
		{B68681E7-EDBE-42C1-89BE-CD79BC26B496}.Debug|Any CPU.Build.0 = Debug|Any CPU
		{B68681E7-EDBE-42C1-89BE-CD79BC26B496}.Release|Any CPU.ActiveCfg = Release|Any CPU
		{B68681E7-EDBE-42C1-89BE-CD79BC26B496}.Release|Any CPU.Build.0 = Release|Any CPU
	EndGlobalSection
	GlobalSection(SolutionProperties) = preSolution
		HideSolutionNode = FALSE
	EndGlobalSection
	GlobalSection(NestedProjects) = preSolution
		{EF0BEF06-73A1-44DD-A0E9-75A32CA75890} = {CCCA102D-03D3-435D-925E-A93699F222EB}
		{5A37E9D0-7110-4B77-BDB4-12246F4D9DBA} = {CCCA102D-03D3-435D-925E-A93699F222EB}
		{42DB0006-BA81-4A81-93B7-84E954046A12} = {CCCA102D-03D3-435D-925E-A93699F222EB}
		{76C7ED56-E893-4225-ABA1-714F280EB6EF} = {CCCA102D-03D3-435D-925E-A93699F222EB}
		{0E0150FE-AC20-4917-8FCE-6518C0C8C396} = {CCCA102D-03D3-435D-925E-A93699F222EB}
		{70CD1CDE-0608-413E-9F91-6A056763155C} = {CCCA102D-03D3-435D-925E-A93699F222EB}
		{EEE2CAD7-3887-48AB-9439-D17AC171CFD6} = {B8885CC4-FECC-438A-AAD6-4C41DDBC9DBE}
		{B68681E7-EDBE-42C1-89BE-CD79BC26B496} = {B8885CC4-FECC-438A-AAD6-4C41DDBC9DBE}
	EndGlobalSection
EndGlobal
